// !$*UTF8*$!
{
	archiveVersion = 1;
	classes = {
	};
	objectVersion = 50;
	objects = {

/* Begin PBXBuildFile section */
		AD994D6E2691C94100BB79AE /* passgen_groups.c in Sources */ = {isa = PBXBuildFile; fileRef = AD994D6C2691C93A00BB79AE /* passgen_groups.c */; };
		AD994D722691D26900BB79AE /* shuffle.h in Headers */ = {isa = PBXBuildFile; fileRef = AD994D702691D26900BB79AE /* shuffle.h */; };
		AD994D732691D26900BB79AE /* shuffle.c in Sources */ = {isa = PBXBuildFile; fileRef = AD994D712691D26900BB79AE /* shuffle.c */; };
		AD994D752691D30E00BB79AE /* passgen_random.c in Sources */ = {isa = PBXBuildFile; fileRef = AD994D742691D30E00BB79AE /* passgen_random.c */; };
		ADDC7CCA2690A5B20048078A /* main.c in Sources */ = {isa = PBXBuildFile; fileRef = ADDC7CC42690A5B20048078A /* main.c */; };
		ADF67C6A2691BB9F002DDFA2 /* passgen.h in Headers */ = {isa = PBXBuildFile; fileRef = ADDC7CCC2690A8750048078A /* passgen.h */; settings = {ATTRIBUTES = (Public, ); }; };
		ADF67C6C2691BC34002DDFA2 /* libpassgen.dylib in Frameworks */ = {isa = PBXBuildFile; fileRef = ADF67C662691B96B002DDFA2 /* libpassgen.dylib */; };
		ADF67C6F2691BC7D002DDFA2 /* passgen.c in Sources */ = {isa = PBXBuildFile; fileRef = ADDC7CCD2690A87F0048078A /* passgen.c */; };
/* End PBXBuildFile section */

/* Begin PBXContainerItemProxy section */
		ADF67C6D2691BC6A002DDFA2 /* PBXContainerItemProxy */ = {
			isa = PBXContainerItemProxy;
			containerPortal = AD30423B268DA0A400249FD1 /* Project object */;
			proxyType = 1;
			remoteGlobalIDString = ADF67C652691B96B002DDFA2;
			remoteInfo = "passgen (lib)";
		};
/* End PBXContainerItemProxy section */

/* Begin PBXCopyFilesBuildPhase section */
		ADDC7CB62690A5840048078A /* CopyFiles */ = {
			isa = PBXCopyFilesBuildPhase;
			buildActionMask = 2147483647;
			dstPath = /usr/share/man/man1/;
			dstSubfolderSpec = 0;
			files = (
			);
			runOnlyForDeploymentPostprocessing = 1;
		};
/* End PBXCopyFilesBuildPhase section */

/* Begin PBXFileReference section */
		AD994D6C2691C93A00BB79AE /* passgen_groups.c */ = {isa = PBXFileReference; lastKnownFileType = sourcecode.c.c; path = passgen_groups.c; sourceTree = "<group>"; };
		AD994D702691D26900BB79AE /* shuffle.h */ = {isa = PBXFileReference; lastKnownFileType = sourcecode.c.h; path = shuffle.h; sourceTree = "<group>"; };
		AD994D712691D26900BB79AE /* shuffle.c */ = {isa = PBXFileReference; lastKnownFileType = sourcecode.c.c; path = shuffle.c; sourceTree = "<group>"; };
		AD994D742691D30E00BB79AE /* passgen_random.c */ = {isa = PBXFileReference; lastKnownFileType = sourcecode.c.c; path = passgen_random.c; sourceTree = "<group>"; };
		ADDC7CB82690A5840048078A /* passgen */ = {isa = PBXFileReference; explicitFileType = "compiled.mach-o.executable"; includeInIndex = 0; path = passgen; sourceTree = BUILT_PRODUCTS_DIR; };
		ADDC7CC42690A5B20048078A /* main.c */ = {isa = PBXFileReference; fileEncoding = 4; lastKnownFileType = sourcecode.c.c; path = main.c; sourceTree = "<group>"; };
		ADDC7CCC2690A8750048078A /* passgen.h */ = {isa = PBXFileReference; fileEncoding = 4; lastKnownFileType = sourcecode.c.h; path = passgen.h; sourceTree = "<group>"; };
		ADDC7CCD2690A87F0048078A /* passgen.c */ = {isa = PBXFileReference; fileEncoding = 4; lastKnownFileType = sourcecode.c.c; path = passgen.c; sourceTree = "<group>"; };
		ADF67C662691B96B002DDFA2 /* libpassgen.dylib */ = {isa = PBXFileReference; explicitFileType = "compiled.mach-o.dylib"; includeInIndex = 0; path = libpassgen.dylib; sourceTree = BUILT_PRODUCTS_DIR; };
/* End PBXFileReference section */

/* Begin PBXFrameworksBuildPhase section */
		ADDC7CB52690A5840048078A /* Frameworks */ = {
			isa = PBXFrameworksBuildPhase;
			buildActionMask = 2147483647;
			files = (
				ADF67C6C2691BC34002DDFA2 /* libpassgen.dylib in Frameworks */,
			);
			runOnlyForDeploymentPostprocessing = 0;
		};
		ADF67C642691B96B002DDFA2 /* Frameworks */ = {
			isa = PBXFrameworksBuildPhase;
			buildActionMask = 2147483647;
			files = (
			);
			runOnlyForDeploymentPostprocessing = 0;
		};
/* End PBXFrameworksBuildPhase section */

/* Begin PBXGroup section */
		AD30423A268DA0A400249FD1 = {
			isa = PBXGroup;
			children = (
				ADDC7CCB2690A8750048078A /* include */,
				ADDC7CBF2690A5B20048078A /* src */,
				AD304244268DA0A400249FD1 /* Products */,
				ADF67C6B2691BC34002DDFA2 /* Frameworks */,
			);
			sourceTree = "<group>";
		};
		AD304244268DA0A400249FD1 /* Products */ = {
			isa = PBXGroup;
			children = (
				ADDC7CB82690A5840048078A /* passgen */,
				ADF67C662691B96B002DDFA2 /* libpassgen.dylib */,
			);
			name = Products;
			sourceTree = "<group>";
		};
		ADDC7CBF2690A5B20048078A /* src */ = {
			isa = PBXGroup;
			children = (
				ADDC7CC42690A5B20048078A /* main.c */,
				AD994D702691D26900BB79AE /* shuffle.h */,
				AD994D712691D26900BB79AE /* shuffle.c */,
				ADDC7CCD2690A87F0048078A /* passgen.c */,
				AD994D6C2691C93A00BB79AE /* passgen_groups.c */,
				AD994D742691D30E00BB79AE /* passgen_random.c */,
			);
			name = src;
			path = ../../src;
			sourceTree = "<group>";
		};
		ADDC7CCB2690A8750048078A /* include */ = {
			isa = PBXGroup;
			children = (
				ADDC7CCC2690A8750048078A /* passgen.h */,
			);
			name = include;
			path = ../../include;
			sourceTree = "<group>";
		};
		ADF67C6B2691BC34002DDFA2 /* Frameworks */ = {
			isa = PBXGroup;
			children = (
			);
			name = Frameworks;
			sourceTree = "<group>";
		};
/* End PBXGroup section */

/* Begin PBXHeadersBuildPhase section */
		ADF67C622691B96B002DDFA2 /* Headers */ = {
			isa = PBXHeadersBuildPhase;
			buildActionMask = 2147483647;
			files = (
				AD994D722691D26900BB79AE /* shuffle.h in Headers */,
				ADF67C6A2691BB9F002DDFA2 /* passgen.h in Headers */,
			);
			runOnlyForDeploymentPostprocessing = 0;
		};
/* End PBXHeadersBuildPhase section */

/* Begin PBXNativeTarget section */
		ADDC7CB72690A5840048078A /* passgen (tool) */ = {
			isa = PBXNativeTarget;
			buildConfigurationList = ADDC7CBC2690A5840048078A /* Build configuration list for PBXNativeTarget "passgen (tool)" */;
			buildPhases = (
				ADDC7CB42690A5840048078A /* Sources */,
				ADDC7CB52690A5840048078A /* Frameworks */,
				ADDC7CB62690A5840048078A /* CopyFiles */,
			);
			buildRules = (
			);
			dependencies = (
				ADF67C6E2691BC6A002DDFA2 /* PBXTargetDependency */,
			);
			name = "passgen (tool)";
			productName = passgen;
			productReference = ADDC7CB82690A5840048078A /* passgen */;
			productType = "com.apple.product-type.tool";
		};
		ADF67C652691B96B002DDFA2 /* passgen (lib) */ = {
			isa = PBXNativeTarget;
			buildConfigurationList = ADF67C692691B96B002DDFA2 /* Build configuration list for PBXNativeTarget "passgen (lib)" */;
			buildPhases = (
				ADF67C622691B96B002DDFA2 /* Headers */,
				ADF67C632691B96B002DDFA2 /* Sources */,
				ADF67C642691B96B002DDFA2 /* Frameworks */,
			);
			buildRules = (
			);
			dependencies = (
			);
			name = "passgen (lib)";
			productName = plib;
			productReference = ADF67C662691B96B002DDFA2 /* libpassgen.dylib */;
			productType = "com.apple.product-type.library.dynamic";
		};
/* End PBXNativeTarget section */

/* Begin PBXProject section */
		AD30423B268DA0A400249FD1 /* Project object */ = {
			isa = PBXProject;
			attributes = {
				LastUpgradeCheck = 1300;
				TargetAttributes = {
					ADDC7CB72690A5840048078A = {
						CreatedOnToolsVersion = 13.0;
					};
					ADF67C652691B96B002DDFA2 = {
						CreatedOnToolsVersion = 13.0;
					};
				};
			};
			buildConfigurationList = AD30423E268DA0A400249FD1 /* Build configuration list for PBXProject "passgen" */;
			compatibilityVersion = "Xcode 9.3";
			developmentRegion = en;
			hasScannedForEncodings = 0;
			knownRegions = (
				en,
				Base,
			);
			mainGroup = AD30423A268DA0A400249FD1;
			productRefGroup = AD304244268DA0A400249FD1 /* Products */;
			projectDirPath = "";
			projectRoot = "";
			targets = (
				ADDC7CB72690A5840048078A /* passgen (tool) */,
				ADF67C652691B96B002DDFA2 /* passgen (lib) */,
			);
		};
/* End PBXProject section */

/* Begin PBXSourcesBuildPhase section */
		ADDC7CB42690A5840048078A /* Sources */ = {
			isa = PBXSourcesBuildPhase;
			buildActionMask = 2147483647;
			files = (
				ADDC7CCA2690A5B20048078A /* main.c in Sources */,
			);
			runOnlyForDeploymentPostprocessing = 0;
		};
		ADF67C632691B96B002DDFA2 /* Sources */ = {
			isa = PBXSourcesBuildPhase;
			buildActionMask = 2147483647;
			files = (
				ADF67C6F2691BC7D002DDFA2 /* passgen.c in Sources */,
				AD994D732691D26900BB79AE /* shuffle.c in Sources */,
				AD994D752691D30E00BB79AE /* passgen_random.c in Sources */,
				AD994D6E2691C94100BB79AE /* passgen_groups.c in Sources */,
			);
			runOnlyForDeploymentPostprocessing = 0;
		};
/* End PBXSourcesBuildPhase section */

/* Begin PBXTargetDependency section */
		ADF67C6E2691BC6A002DDFA2 /* PBXTargetDependency */ = {
			isa = PBXTargetDependency;
			target = ADF67C652691B96B002DDFA2 /* passgen (lib) */;
			targetProxy = ADF67C6D2691BC6A002DDFA2 /* PBXContainerItemProxy */;
		};
/* End PBXTargetDependency section */

/* Begin XCBuildConfiguration section */
		AD304248268DA0A400249FD1 /* Debug */ = {
			isa = XCBuildConfiguration;
			buildSettings = {
				ALWAYS_SEARCH_USER_PATHS = NO;
				CLANG_ANALYZER_NONNULL = YES;
				CLANG_ANALYZER_NUMBER_OBJECT_CONVERSION = YES_AGGRESSIVE;
				CLANG_CXX_LANGUAGE_STANDARD = "gnu++14";
				CLANG_CXX_LIBRARY = "libc++";
				CLANG_ENABLE_MODULES = YES;
				CLANG_ENABLE_OBJC_ARC = YES;
				CLANG_ENABLE_OBJC_WEAK = YES;
				CLANG_WARN_BLOCK_CAPTURE_AUTORELEASING = YES;
				CLANG_WARN_BOOL_CONVERSION = YES;
				CLANG_WARN_COMMA = YES;
				CLANG_WARN_CONSTANT_CONVERSION = YES;
				CLANG_WARN_DEPRECATED_OBJC_IMPLEMENTATIONS = YES;
				CLANG_WARN_DIRECT_OBJC_ISA_USAGE = YES_ERROR;
				CLANG_WARN_DOCUMENTATION_COMMENTS = YES;
				CLANG_WARN_EMPTY_BODY = YES;
				CLANG_WARN_ENUM_CONVERSION = YES;
				CLANG_WARN_INFINITE_RECURSION = YES;
				CLANG_WARN_INT_CONVERSION = YES;
				CLANG_WARN_NON_LITERAL_NULL_CONVERSION = YES;
				CLANG_WARN_OBJC_IMPLICIT_RETAIN_SELF = YES;
				CLANG_WARN_OBJC_LITERAL_CONVERSION = YES;
				CLANG_WARN_OBJC_ROOT_CLASS = YES_ERROR;
				CLANG_WARN_QUOTED_INCLUDE_IN_FRAMEWORK_HEADER = YES;
				CLANG_WARN_RANGE_LOOP_ANALYSIS = YES;
				CLANG_WARN_STRICT_PROTOTYPES = YES;
				CLANG_WARN_SUSPICIOUS_MOVE = YES;
				CLANG_WARN_UNGUARDED_AVAILABILITY = YES_AGGRESSIVE;
				CLANG_WARN_UNREACHABLE_CODE = YES;
				CLANG_WARN__DUPLICATE_METHOD_MATCH = YES;
				COPY_PHASE_STRIP = NO;
				DEBUG_INFORMATION_FORMAT = dwarf;
				ENABLE_STRICT_OBJC_MSGSEND = YES;
				ENABLE_TESTABILITY = YES;
				GCC_C_LANGUAGE_STANDARD = gnu11;
				GCC_DYNAMIC_NO_PIC = NO;
				GCC_NO_COMMON_BLOCKS = YES;
				GCC_OPTIMIZATION_LEVEL = 0;
				GCC_PREPROCESSOR_DEFINITIONS = (
					"DEBUG=1",
					"$(inherited)",
				);
				GCC_WARN_64_TO_32_BIT_CONVERSION = YES;
				GCC_WARN_ABOUT_RETURN_TYPE = YES_ERROR;
				GCC_WARN_UNDECLARED_SELECTOR = YES;
				GCC_WARN_UNINITIALIZED_AUTOS = YES_AGGRESSIVE;
				GCC_WARN_UNUSED_FUNCTION = YES;
				GCC_WARN_UNUSED_VARIABLE = YES;
				MACOSX_DEPLOYMENT_TARGET = 10.9;
				MTL_ENABLE_DEBUG_INFO = INCLUDE_SOURCE;
				MTL_FAST_MATH = YES;
				ONLY_ACTIVE_ARCH = YES;
				SDKROOT = macosx;
			};
			name = Debug;
		};
		AD304249268DA0A400249FD1 /* Release */ = {
			isa = XCBuildConfiguration;
			buildSettings = {
				ALWAYS_SEARCH_USER_PATHS = NO;
				CLANG_ANALYZER_NONNULL = YES;
				CLANG_ANALYZER_NUMBER_OBJECT_CONVERSION = YES_AGGRESSIVE;
				CLANG_CXX_LANGUAGE_STANDARD = "gnu++14";
				CLANG_CXX_LIBRARY = "libc++";
				CLANG_ENABLE_MODULES = YES;
				CLANG_ENABLE_OBJC_ARC = YES;
				CLANG_ENABLE_OBJC_WEAK = YES;
				CLANG_WARN_BLOCK_CAPTURE_AUTORELEASING = YES;
				CLANG_WARN_BOOL_CONVERSION = YES;
				CLANG_WARN_COMMA = YES;
				CLANG_WARN_CONSTANT_CONVERSION = YES;
				CLANG_WARN_DEPRECATED_OBJC_IMPLEMENTATIONS = YES;
				CLANG_WARN_DIRECT_OBJC_ISA_USAGE = YES_ERROR;
				CLANG_WARN_DOCUMENTATION_COMMENTS = YES;
				CLANG_WARN_EMPTY_BODY = YES;
				CLANG_WARN_ENUM_CONVERSION = YES;
				CLANG_WARN_INFINITE_RECURSION = YES;
				CLANG_WARN_INT_CONVERSION = YES;
				CLANG_WARN_NON_LITERAL_NULL_CONVERSION = YES;
				CLANG_WARN_OBJC_IMPLICIT_RETAIN_SELF = YES;
				CLANG_WARN_OBJC_LITERAL_CONVERSION = YES;
				CLANG_WARN_OBJC_ROOT_CLASS = YES_ERROR;
				CLANG_WARN_QUOTED_INCLUDE_IN_FRAMEWORK_HEADER = YES;
				CLANG_WARN_RANGE_LOOP_ANALYSIS = YES;
				CLANG_WARN_STRICT_PROTOTYPES = YES;
				CLANG_WARN_SUSPICIOUS_MOVE = YES;
				CLANG_WARN_UNGUARDED_AVAILABILITY = YES_AGGRESSIVE;
				CLANG_WARN_UNREACHABLE_CODE = YES;
				CLANG_WARN__DUPLICATE_METHOD_MATCH = YES;
				COPY_PHASE_STRIP = NO;
				DEBUG_INFORMATION_FORMAT = "dwarf-with-dsym";
				ENABLE_NS_ASSERTIONS = NO;
				ENABLE_STRICT_OBJC_MSGSEND = YES;
				GCC_C_LANGUAGE_STANDARD = gnu11;
				GCC_NO_COMMON_BLOCKS = YES;
				GCC_WARN_64_TO_32_BIT_CONVERSION = YES;
				GCC_WARN_ABOUT_RETURN_TYPE = YES_ERROR;
				GCC_WARN_UNDECLARED_SELECTOR = YES;
				GCC_WARN_UNINITIALIZED_AUTOS = YES_AGGRESSIVE;
				GCC_WARN_UNUSED_FUNCTION = YES;
				GCC_WARN_UNUSED_VARIABLE = YES;
				MACOSX_DEPLOYMENT_TARGET = 10.9;
				MTL_ENABLE_DEBUG_INFO = NO;
				MTL_FAST_MATH = YES;
				SDKROOT = macosx;
			};
			name = Release;
		};
		ADDC7CBD2690A5840048078A /* Debug */ = {
			isa = XCBuildConfiguration;
			buildSettings = {
				CODE_SIGN_STYLE = Automatic;
				INSTALL_PATH = bin;
				PRODUCT_NAME = passgen;
			};
			name = Debug;
		};
		ADDC7CBE2690A5840048078A /* Release */ = {
			isa = XCBuildConfiguration;
			buildSettings = {
				CODE_SIGN_STYLE = Automatic;
				INSTALL_PATH = bin;
				PRODUCT_NAME = passgen;
			};
			name = Release;
		};
		ADF67C672691B96B002DDFA2 /* Debug */ = {
			isa = XCBuildConfiguration;
			buildSettings = {
				CODE_SIGN_STYLE = Automatic;
				DYLIB_COMPATIBILITY_VERSION = 1;
				DYLIB_CURRENT_VERSION = 1;
				EXECUTABLE_PREFIX = lib;
				GCC_SYMBOLS_PRIVATE_EXTERN = YES;
				INSTALL_PATH = lib;
				PRIVATE_HEADERS_FOLDER_PATH = include;
				PRODUCT_NAME = passgen;
				PUBLIC_HEADERS_FOLDER_PATH = include;
			};
			name = Debug;
		};
		ADF67C682691B96B002DDFA2 /* Release */ = {
			isa = XCBuildConfiguration;
			buildSettings = {
				CODE_SIGN_STYLE = Automatic;
				DYLIB_COMPATIBILITY_VERSION = 1;
				DYLIB_CURRENT_VERSION = 1;
				EXECUTABLE_PREFIX = lib;
				GCC_SYMBOLS_PRIVATE_EXTERN = YES;
				INSTALL_PATH = lib;
				PRIVATE_HEADERS_FOLDER_PATH = include;
				PRODUCT_NAME = passgen;
				PUBLIC_HEADERS_FOLDER_PATH = include;
			};
			name = Release;
		};
/* End XCBuildConfiguration section */

/* Begin XCConfigurationList section */
		AD30423E268DA0A400249FD1 /* Build configuration list for PBXProject "passgen" */ = {
			isa = XCConfigurationList;
			buildConfigurations = (
				AD304248268DA0A400249FD1 /* Debug */,
				AD304249268DA0A400249FD1 /* Release */,
			);
			defaultConfigurationIsVisible = 0;
			defaultConfigurationName = Release;
		};
		ADDC7CBC2690A5840048078A /* Build configuration list for PBXNativeTarget "passgen (tool)" */ = {
			isa = XCConfigurationList;
			buildConfigurations = (
				ADDC7CBD2690A5840048078A /* Debug */,
				ADDC7CBE2690A5840048078A /* Release */,
			);
			defaultConfigurationIsVisible = 0;
			defaultConfigurationName = Release;
		};
		ADF67C692691B96B002DDFA2 /* Build configuration list for PBXNativeTarget "passgen (lib)" */ = {
			isa = XCConfigurationList;
			buildConfigurations = (
				ADF67C672691B96B002DDFA2 /* Debug */,
				ADF67C682691B96B002DDFA2 /* Release */,
			);
			defaultConfigurationIsVisible = 0;
			defaultConfigurationName = Release;
		};
/* End XCConfigurationList section */
	};
	rootObject = AD30423B268DA0A400249FD1 /* Project object */;
}
